
Microsoft Visual Studio Solution File, Format Version 12.00
# Visual Studio 15
VisualStudioVersion = 15.0.26430.16
MinimumVisualStudioVersion = 10.0.40219.1
Project("{FAE04EC0-301F-11D3-BF4B-00C04F79EFBC}") = "WebAPI_Image", "WebAPI_Image\WebAPI_Image.csproj", "{36AC7379-C184-42DA-B329-048675099346}"
EndProject
Project("{FAE04EC0-301F-11D3-BF4B-00C04F79EFBC}") = "WebAPI_Image.Tests", "WebAPI_Image.Tests\WebAPI_Image.Tests.csproj", "{882EF02E-7923-4628-8F0A-9BA614EFC6CA}"
EndProject
Global
	GlobalSection(SolutionConfigurationPlatforms) = preSolution
		Debug|Any CPU = Debug|Any CPU
		Release|Any CPU = Release|Any CPU
	EndGlobalSection
	GlobalSection(ProjectConfigurationPlatforms) = postSolution
		{36AC7379-C184-42DA-B329-048675099346}.Debug|Any CPU.ActiveCfg = Debug|Any CPU
		{36AC7379-C184-42DA-B329-048675099346}.Debug|Any CPU.Build.0 = Debug|Any CPU
		{36AC7379-C184-42DA-B329-048675099346}.Release|Any CPU.ActiveCfg = Release|Any CPU
		{36AC7379-C184-42DA-B329-048675099346}.Release|Any CPU.Build.0 = Release|Any CPU
		{882EF02E-7923-4628-8F0A-9BA614EFC6CA}.Debug|Any CPU.ActiveCfg = Debug|Any CPU
		{882EF02E-7923-4628-8F0A-9BA614EFC6CA}.Debug|Any CPU.Build.0 = Debug|Any CPU
		{882EF02E-7923-4628-8F0A-9BA614EFC6CA}.Release|Any CPU.ActiveCfg = Release|Any CPU
		{882EF02E-7923-4628-8F0A-9BA614EFC6CA}.Release|Any CPU.Build.0 = Release|Any CPU
	EndGlobalSection
	GlobalSection(SolutionProperties) = preSolution
		HideSolutionNode = FALSE
	EndGlobalSection
EndGlobal
